
Microsoft Visual Studio Solution File, Format Version 12.00
# Visual Studio Version 16
VisualStudioVersion = 16.0.30104.148
MinimumVisualStudioVersion = 10.0.40219.1
Project("{FAE04EC0-301F-11D3-BF4B-00C04F79EFBC}") = "WpfMVVM", "WpfMVVM\WpfMVVM.csproj", "{02F1222C-8B88-4542-8FDE-D4DB6650B6DE}"
EndProject
Global
	GlobalSection(SolutionConfigurationPlatforms) = preSolution
		Debug|Any CPU = Debug|Any CPU
		Release|Any CPU = Release|Any CPU
	EndGlobalSection
	GlobalSection(ProjectConfigurationPlatforms) = postSolution
		{02F1222C-8B88-4542-8FDE-D4DB6650B6DE}.Debug|Any CPU.ActiveCfg = Debug|Any CPU
		{02F1222C-8B88-4542-8FDE-D4DB6650B6DE}.Debug|Any CPU.Build.0 = Debug|Any CPU
		{02F1222C-8B88-4542-8FDE-D4DB6650B6DE}.Release|Any CPU.ActiveCfg = Release|Any CPU
		{02F1222C-8B88-4542-8FDE-D4DB6650B6DE}.Release|Any CPU.Build.0 = Release|Any CPU
	EndGlobalSection
	GlobalSection(SolutionProperties) = preSolution
		HideSolutionNode = FALSE
	EndGlobalSection
	GlobalSection(ExtensibilityGlobals) = postSolution
		SolutionGuid = {D8EBFE3C-CB1D-44B5-B0B8-3D81D8639FA5}
	EndGlobalSection
EndGlobal
